
Microsoft Visual Studio Solution File, Format Version 12.00
# Visual Studio 15
VisualStudioVersion = 15.0.28307.2092
MinimumVisualStudioVersion = 10.0.40219.1
Project("{8BC9CEB8-8B4A-11D0-8D11-00A0C91BC942}") = "re2c", "thirdparty\re2c-3.0\re2c.vcxproj", "{4649995A-6982-3F47-ADFC-3D0EC29ABF7D}"
	ProjectSection(ProjectDependencies) = postProject
		{13C48415-8CEE-370F-8863-FE307DE80757} = {13C48415-8CEE-370F-8863-FE307DE80757}
	EndProjectSection
EndProject
Project("{8BC9CEB8-8B4A-11D0-8D11-00A0C91BC942}") = "re2go", "thirdparty\re2c-3.0\re2go.vcxproj", "{54D73E4E-D14E-313D-902E-6F5586254C5C}"
EndProject
Project("{8BC9CEB8-8B4A-11D0-8D11-00A0C91BC942}") = "re2rust", "thirdparty\re2c-3.0\re2rust.vcxproj", "{41045D33-C034-3D46-930A-20B9AAE4B1DB}"
EndProject
Project("{2150E333-8FDC-42A3-9474-1A3956D46DE8}") = "0_thirdparty_re2c", "0_thirdparty_re2c", "{78B8A1BD-E286-4ED0-9F44-97095FA6B1D3}"
EndProject
Project("{2150E333-8FDC-42A3-9474-1A3956D46DE8}") = "0_lib", "0_lib", "{4060A46D-AFE1-474D-99AE-6009D4C1BF45}"
EndProject
Project("{2150E333-8FDC-42A3-9474-1A3956D46DE8}") = "1_exe", "1_exe", "{83C2A8CA-A9A3-49EA-A6C7-73A81BE1F0BD}"
EndProject
Project("{8BC9CEB8-8B4A-11D0-8D11-00A0C91BC942}") = "libre2c", "thirdparty\re2c-3.0\libre2c.vcxproj", "{13C48415-8CEE-370F-8863-FE307DE80757}"
EndProject
Project("{2150E333-8FDC-42A3-9474-1A3956D46DE8}") = "1_demo", "1_demo", "{E260E93D-0064-43D0-AD36-C004DBF5C028}"
EndProject
Project("{2150E333-8FDC-42A3-9474-1A3956D46DE8}") = "test1", "test1", "{BB2CDE7F-C2F1-49B4-9C69-47E2DF7C145B}"
EndProject
Project("{8BC9CEB8-8B4A-11D0-8D11-00A0C91BC942}") = "re2c_test_argsubst", "demo\test1\argsubst\re2c_test_argsubst.vcxproj", "{78A42897-5498-3123-B236-7E321C9D092D}"
EndProject
Project("{8BC9CEB8-8B4A-11D0-8D11-00A0C91BC942}") = "re2c_test_range", "demo\test1\range\re2c_test_range.vcxproj", "{B09D8A5E-EDFF-3AF9-8402-ED46EE18ED14}"
EndProject
Project("{8BC9CEB8-8B4A-11D0-8D11-00A0C91BC942}") = "re2c_test_s_to_n32_unsafe", "demo\test1\s_to_n32_unsafe\re2c_test_s_to_n32_unsafe.vcxproj", "{E076280C-36B5-32FF-9155-0B738901807D}"
EndProject
Project("{8BC9CEB8-8B4A-11D0-8D11-00A0C91BC942}") = "test_libre2c", "demo\test1\test_libre2c\test_libre2c.vcxproj", "{ABB3D60D-CD7C-36D4-B976-F7429E6708E3}"
EndProject
Project("{8BC9CEB8-8B4A-11D0-8D11-00A0C91BC942}") = "re2c_test_ver_to_vernum", "demo\test1\ver_to_vernum\re2c_test_ver_to_vernum.vcxproj", "{7AB99B7B-C62A-3836-8CF9-02D7475A51AD}"
EndProject
Global
	GlobalSection(SolutionConfigurationPlatforms) = preSolution
		Debug|x64 = Debug|x64
		Release|x64 = Release|x64
	EndGlobalSection
	GlobalSection(ProjectConfigurationPlatforms) = postSolution
		{4649995A-6982-3F47-ADFC-3D0EC29ABF7D}.Debug|x64.ActiveCfg = Debug|x64
		{4649995A-6982-3F47-ADFC-3D0EC29ABF7D}.Debug|x64.Build.0 = Debug|x64
		{4649995A-6982-3F47-ADFC-3D0EC29ABF7D}.Release|x64.ActiveCfg = Release|x64
		{4649995A-6982-3F47-ADFC-3D0EC29ABF7D}.Release|x64.Build.0 = Release|x64
		{54D73E4E-D14E-313D-902E-6F5586254C5C}.Debug|x64.ActiveCfg = Debug|x64
		{54D73E4E-D14E-313D-902E-6F5586254C5C}.Debug|x64.Build.0 = Debug|x64
		{54D73E4E-D14E-313D-902E-6F5586254C5C}.Release|x64.ActiveCfg = Release|x64
		{54D73E4E-D14E-313D-902E-6F5586254C5C}.Release|x64.Build.0 = Release|x64
		{41045D33-C034-3D46-930A-20B9AAE4B1DB}.Debug|x64.ActiveCfg = Debug|x64
		{41045D33-C034-3D46-930A-20B9AAE4B1DB}.Debug|x64.Build.0 = Debug|x64
		{41045D33-C034-3D46-930A-20B9AAE4B1DB}.Release|x64.ActiveCfg = Release|x64
		{41045D33-C034-3D46-930A-20B9AAE4B1DB}.Release|x64.Build.0 = Release|x64
		{13C48415-8CEE-370F-8863-FE307DE80757}.Debug|x64.ActiveCfg = Debug|x64
		{13C48415-8CEE-370F-8863-FE307DE80757}.Debug|x64.Build.0 = Debug|x64
		{13C48415-8CEE-370F-8863-FE307DE80757}.Release|x64.ActiveCfg = Release|x64
		{13C48415-8CEE-370F-8863-FE307DE80757}.Release|x64.Build.0 = Release|x64
		{78A42897-5498-3123-B236-7E321C9D092D}.Debug|x64.ActiveCfg = Debug|x64
		{78A42897-5498-3123-B236-7E321C9D092D}.Debug|x64.Build.0 = Debug|x64
		{78A42897-5498-3123-B236-7E321C9D092D}.Release|x64.ActiveCfg = Release|x64
		{78A42897-5498-3123-B236-7E321C9D092D}.Release|x64.Build.0 = Release|x64
		{B09D8A5E-EDFF-3AF9-8402-ED46EE18ED14}.Debug|x64.ActiveCfg = Debug|x64
		{B09D8A5E-EDFF-3AF9-8402-ED46EE18ED14}.Debug|x64.Build.0 = Debug|x64
		{B09D8A5E-EDFF-3AF9-8402-ED46EE18ED14}.Release|x64.ActiveCfg = Release|x64
		{B09D8A5E-EDFF-3AF9-8402-ED46EE18ED14}.Release|x64.Build.0 = Release|x64
		{E076280C-36B5-32FF-9155-0B738901807D}.Debug|x64.ActiveCfg = Debug|x64
		{E076280C-36B5-32FF-9155-0B738901807D}.Debug|x64.Build.0 = Debug|x64
		{E076280C-36B5-32FF-9155-0B738901807D}.Release|x64.ActiveCfg = Release|x64
		{E076280C-36B5-32FF-9155-0B738901807D}.Release|x64.Build.0 = Release|x64
		{ABB3D60D-CD7C-36D4-B976-F7429E6708E3}.Debug|x64.ActiveCfg = Debug|x64
		{ABB3D60D-CD7C-36D4-B976-F7429E6708E3}.Debug|x64.Build.0 = Debug|x64
		{ABB3D60D-CD7C-36D4-B976-F7429E6708E3}.Release|x64.ActiveCfg = Release|x64
		{ABB3D60D-CD7C-36D4-B976-F7429E6708E3}.Release|x64.Build.0 = Release|x64
		{7AB99B7B-C62A-3836-8CF9-02D7475A51AD}.Debug|x64.ActiveCfg = Debug|x64
		{7AB99B7B-C62A-3836-8CF9-02D7475A51AD}.Debug|x64.Build.0 = Debug|x64
		{7AB99B7B-C62A-3836-8CF9-02D7475A51AD}.Release|x64.ActiveCfg = Release|x64
		{7AB99B7B-C62A-3836-8CF9-02D7475A51AD}.Release|x64.Build.0 = Release|x64
	EndGlobalSection
	GlobalSection(SolutionProperties) = preSolution
		HideSolutionNode = FALSE
	EndGlobalSection
	GlobalSection(NestedProjects) = preSolution
		{4649995A-6982-3F47-ADFC-3D0EC29ABF7D} = {83C2A8CA-A9A3-49EA-A6C7-73A81BE1F0BD}
		{54D73E4E-D14E-313D-902E-6F5586254C5C} = {83C2A8CA-A9A3-49EA-A6C7-73A81BE1F0BD}
		{41045D33-C034-3D46-930A-20B9AAE4B1DB} = {83C2A8CA-A9A3-49EA-A6C7-73A81BE1F0BD}
		{4060A46D-AFE1-474D-99AE-6009D4C1BF45} = {78B8A1BD-E286-4ED0-9F44-97095FA6B1D3}
		{83C2A8CA-A9A3-49EA-A6C7-73A81BE1F0BD} = {78B8A1BD-E286-4ED0-9F44-97095FA6B1D3}
		{13C48415-8CEE-370F-8863-FE307DE80757} = {4060A46D-AFE1-474D-99AE-6009D4C1BF45}
		{BB2CDE7F-C2F1-49B4-9C69-47E2DF7C145B} = {E260E93D-0064-43D0-AD36-C004DBF5C028}
		{78A42897-5498-3123-B236-7E321C9D092D} = {BB2CDE7F-C2F1-49B4-9C69-47E2DF7C145B}
		{B09D8A5E-EDFF-3AF9-8402-ED46EE18ED14} = {BB2CDE7F-C2F1-49B4-9C69-47E2DF7C145B}
		{E076280C-36B5-32FF-9155-0B738901807D} = {BB2CDE7F-C2F1-49B4-9C69-47E2DF7C145B}
		{ABB3D60D-CD7C-36D4-B976-F7429E6708E3} = {BB2CDE7F-C2F1-49B4-9C69-47E2DF7C145B}
		{7AB99B7B-C62A-3836-8CF9-02D7475A51AD} = {BB2CDE7F-C2F1-49B4-9C69-47E2DF7C145B}
	EndGlobalSection
	GlobalSection(ExtensibilityGlobals) = postSolution
		SolutionGuid = {198AC9B6-DEF8-362E-BF56-727C0EE249EA}
	EndGlobalSection
EndGlobal
