
Microsoft Visual Studio Solution File, Format Version 12.00
# Visual Studio 15
VisualStudioVersion = 15.0.28307.421
MinimumVisualStudioVersion = 10.0.40219.1
Project("{2150E333-8FDC-42A3-9474-1A3956D46DE8}") = "0_thirdparty", "0_thirdparty", "{0B878406-7A67-44B1-858C-B2ECD8E3692A}"
EndProject
Project("{8BC9CEB8-8B4A-11D0-8D11-00A0C91BC942}") = "re2c", "thirdparty\re2c-0.9.1\re2c.vcxproj", "{08ADB53F-6358-39E8-AA89-097192CC4A51}"
	ProjectSection(ProjectDependencies) = postProject
		{79DC7D46-0B86-4C86-B34A-30C1EBE86751} = {79DC7D46-0B86-4C86-B34A-30C1EBE86751}
	EndProjectSection
EndProject
Project("{2150E333-8FDC-42A3-9474-1A3956D46DE8}") = "1_demo", "1_demo", "{AF5D0447-1796-4197-8D6B-FC22CDA3CB98}"
EndProject
Project("{2150E333-8FDC-42A3-9474-1A3956D46DE8}") = "examples", "examples", "{37945D97-5224-4C9A-AD10-029F8AA627B8}"
EndProject
Project("{8BC9CEB8-8B4A-11D0-8D11-00A0C91BC942}") = "c", "demo\examples\c\c.vcxproj", "{3CFD8D3C-5D69-47BF-9E96-BCD6AC473C8C}"
EndProject
Project("{8BC9CEB8-8B4A-11D0-8D11-00A0C91BC942}") = "cmmap", "demo\examples\cmmap\cmmap.vcxproj", "{C8559438-27E2-44B7-BAD4-DB3167376F51}"
	ProjectSection(ProjectDependencies) = postProject
		{F118CC2E-9AED-4DB0-9BF4-028781D97AD1} = {F118CC2E-9AED-4DB0-9BF4-028781D97AD1}
	EndProjectSection
EndProject
Project("{8BC9CEB8-8B4A-11D0-8D11-00A0C91BC942}") = "libmman", "thirdparty\mman\libmman.vcxproj", "{F118CC2E-9AED-4DB0-9BF4-028781D97AD1}"
EndProject
Project("{8BC9CEB8-8B4A-11D0-8D11-00A0C91BC942}") = "cnokw", "demo\examples\cnokw\cnokw.vcxproj", "{E249EA7A-8DE8-409B-A99A-5A8301C0C7B4}"
EndProject
Project("{8BC9CEB8-8B4A-11D0-8D11-00A0C91BC942}") = "cunroll", "demo\examples\cunroll\cunroll.vcxproj", "{373B1474-B9D5-4FA8-A316-6D03DDCC4C97}"
EndProject
Project("{8BC9CEB8-8B4A-11D0-8D11-00A0C91BC942}") = "modula", "demo\examples\modula\modula.vcxproj", "{2FD5F5AB-39F0-4A41-A566-76C83FDA5012}"
EndProject
Project("{8BC9CEB8-8B4A-11D0-8D11-00A0C91BC942}") = "repeater", "demo\examples\repeater\repeater.vcxproj", "{357430DE-99A4-4990-B8BF-226B05A4B60D}"
EndProject
Project("{8BC9CEB8-8B4A-11D0-8D11-00A0C91BC942}") = "basemmap", "demo\examples\basemmap\basemmap.vcxproj", "{501E694D-C5F8-4110-AF89-CD8DFAC73EBC}"
EndProject
Project("{2150E333-8FDC-42A3-9474-1A3956D46DE8}") = "0_lib", "0_lib", "{88760CE5-061F-48C5-9731-E94B29CE6419}"
EndProject
Project("{2150E333-8FDC-42A3-9474-1A3956D46DE8}") = "1_exe", "1_exe", "{D2D6A327-19EC-4EF2-96F4-5BEBB80CEA49}"
EndProject
Project("{8BC9CEB8-8B4A-11D0-8D11-00A0C91BC942}") = "libre2c", "thirdparty\re2c-0.9.1\libre2c.vcxproj", "{79DC7D46-0B86-4C86-B34A-30C1EBE86751}"
EndProject
Global
	GlobalSection(SolutionConfigurationPlatforms) = preSolution
		Debug|x64 = Debug|x64
		Release|x64 = Release|x64
	EndGlobalSection
	GlobalSection(ProjectConfigurationPlatforms) = postSolution
		{08ADB53F-6358-39E8-AA89-097192CC4A51}.Debug|x64.ActiveCfg = Debug|x64
		{08ADB53F-6358-39E8-AA89-097192CC4A51}.Debug|x64.Build.0 = Debug|x64
		{08ADB53F-6358-39E8-AA89-097192CC4A51}.Release|x64.ActiveCfg = Release|x64
		{08ADB53F-6358-39E8-AA89-097192CC4A51}.Release|x64.Build.0 = Release|x64
		{3CFD8D3C-5D69-47BF-9E96-BCD6AC473C8C}.Debug|x64.ActiveCfg = Debug|x64
		{3CFD8D3C-5D69-47BF-9E96-BCD6AC473C8C}.Debug|x64.Build.0 = Debug|x64
		{3CFD8D3C-5D69-47BF-9E96-BCD6AC473C8C}.Release|x64.ActiveCfg = Release|x64
		{3CFD8D3C-5D69-47BF-9E96-BCD6AC473C8C}.Release|x64.Build.0 = Release|x64
		{C8559438-27E2-44B7-BAD4-DB3167376F51}.Debug|x64.ActiveCfg = Debug|x64
		{C8559438-27E2-44B7-BAD4-DB3167376F51}.Debug|x64.Build.0 = Debug|x64
		{C8559438-27E2-44B7-BAD4-DB3167376F51}.Release|x64.ActiveCfg = Release|x64
		{C8559438-27E2-44B7-BAD4-DB3167376F51}.Release|x64.Build.0 = Release|x64
		{F118CC2E-9AED-4DB0-9BF4-028781D97AD1}.Debug|x64.ActiveCfg = Debug|x64
		{F118CC2E-9AED-4DB0-9BF4-028781D97AD1}.Debug|x64.Build.0 = Debug|x64
		{F118CC2E-9AED-4DB0-9BF4-028781D97AD1}.Release|x64.ActiveCfg = Release|x64
		{F118CC2E-9AED-4DB0-9BF4-028781D97AD1}.Release|x64.Build.0 = Release|x64
		{E249EA7A-8DE8-409B-A99A-5A8301C0C7B4}.Debug|x64.ActiveCfg = Debug|x64
		{E249EA7A-8DE8-409B-A99A-5A8301C0C7B4}.Debug|x64.Build.0 = Debug|x64
		{E249EA7A-8DE8-409B-A99A-5A8301C0C7B4}.Release|x64.ActiveCfg = Release|x64
		{E249EA7A-8DE8-409B-A99A-5A8301C0C7B4}.Release|x64.Build.0 = Release|x64
		{373B1474-B9D5-4FA8-A316-6D03DDCC4C97}.Debug|x64.ActiveCfg = Debug|x64
		{373B1474-B9D5-4FA8-A316-6D03DDCC4C97}.Debug|x64.Build.0 = Debug|x64
		{373B1474-B9D5-4FA8-A316-6D03DDCC4C97}.Release|x64.ActiveCfg = Release|x64
		{373B1474-B9D5-4FA8-A316-6D03DDCC4C97}.Release|x64.Build.0 = Release|x64
		{2FD5F5AB-39F0-4A41-A566-76C83FDA5012}.Debug|x64.ActiveCfg = Debug|x64
		{2FD5F5AB-39F0-4A41-A566-76C83FDA5012}.Debug|x64.Build.0 = Debug|x64
		{2FD5F5AB-39F0-4A41-A566-76C83FDA5012}.Release|x64.ActiveCfg = Release|x64
		{2FD5F5AB-39F0-4A41-A566-76C83FDA5012}.Release|x64.Build.0 = Release|x64
		{357430DE-99A4-4990-B8BF-226B05A4B60D}.Debug|x64.ActiveCfg = Debug|x64
		{357430DE-99A4-4990-B8BF-226B05A4B60D}.Debug|x64.Build.0 = Debug|x64
		{357430DE-99A4-4990-B8BF-226B05A4B60D}.Release|x64.ActiveCfg = Release|x64
		{357430DE-99A4-4990-B8BF-226B05A4B60D}.Release|x64.Build.0 = Release|x64
		{501E694D-C5F8-4110-AF89-CD8DFAC73EBC}.Debug|x64.ActiveCfg = Debug|x64
		{501E694D-C5F8-4110-AF89-CD8DFAC73EBC}.Debug|x64.Build.0 = Debug|x64
		{501E694D-C5F8-4110-AF89-CD8DFAC73EBC}.Release|x64.ActiveCfg = Release|x64
		{501E694D-C5F8-4110-AF89-CD8DFAC73EBC}.Release|x64.Build.0 = Release|x64
		{79DC7D46-0B86-4C86-B34A-30C1EBE86751}.Debug|x64.ActiveCfg = Debug|x64
		{79DC7D46-0B86-4C86-B34A-30C1EBE86751}.Debug|x64.Build.0 = Debug|x64
		{79DC7D46-0B86-4C86-B34A-30C1EBE86751}.Release|x64.ActiveCfg = Release|x64
		{79DC7D46-0B86-4C86-B34A-30C1EBE86751}.Release|x64.Build.0 = Release|x64
	EndGlobalSection
	GlobalSection(SolutionProperties) = preSolution
		HideSolutionNode = FALSE
	EndGlobalSection
	GlobalSection(NestedProjects) = preSolution
		{08ADB53F-6358-39E8-AA89-097192CC4A51} = {D2D6A327-19EC-4EF2-96F4-5BEBB80CEA49}
		{37945D97-5224-4C9A-AD10-029F8AA627B8} = {AF5D0447-1796-4197-8D6B-FC22CDA3CB98}
		{3CFD8D3C-5D69-47BF-9E96-BCD6AC473C8C} = {37945D97-5224-4C9A-AD10-029F8AA627B8}
		{C8559438-27E2-44B7-BAD4-DB3167376F51} = {37945D97-5224-4C9A-AD10-029F8AA627B8}
		{F118CC2E-9AED-4DB0-9BF4-028781D97AD1} = {88760CE5-061F-48C5-9731-E94B29CE6419}
		{E249EA7A-8DE8-409B-A99A-5A8301C0C7B4} = {37945D97-5224-4C9A-AD10-029F8AA627B8}
		{373B1474-B9D5-4FA8-A316-6D03DDCC4C97} = {37945D97-5224-4C9A-AD10-029F8AA627B8}
		{2FD5F5AB-39F0-4A41-A566-76C83FDA5012} = {37945D97-5224-4C9A-AD10-029F8AA627B8}
		{357430DE-99A4-4990-B8BF-226B05A4B60D} = {37945D97-5224-4C9A-AD10-029F8AA627B8}
		{501E694D-C5F8-4110-AF89-CD8DFAC73EBC} = {37945D97-5224-4C9A-AD10-029F8AA627B8}
		{88760CE5-061F-48C5-9731-E94B29CE6419} = {0B878406-7A67-44B1-858C-B2ECD8E3692A}
		{D2D6A327-19EC-4EF2-96F4-5BEBB80CEA49} = {0B878406-7A67-44B1-858C-B2ECD8E3692A}
		{79DC7D46-0B86-4C86-B34A-30C1EBE86751} = {88760CE5-061F-48C5-9731-E94B29CE6419}
	EndGlobalSection
	GlobalSection(ExtensibilityGlobals) = postSolution
		SolutionGuid = {0A8CEE52-492A-4393-9DD8-1A14948800DE}
	EndGlobalSection
EndGlobal
